PODS:
  - MediaPipeTasksCommon (0.10.13)
  - MediaPipeTasksVision (0.10.13):
    - MediaPipeTasksCommon (= 0.10.13)
  - VerIDCommonTypes (1.2.0)

DEPENDENCIES:
  - MediaPipeTasksVision (~> 0.10)
  - VerIDCommonTypes (from `https://github.com/AppliedRecognition/Ver-ID-Common-Types-Apple.git`, tag `1.2.0`)

SPEC REPOS:
  trunk:
    - MediaPipeTasksCommon
    - MediaPipeTasksVision

EXTERNAL SOURCES:
  VerIDCommonTypes:
    :git: https://github.com/AppliedRecognition/Ver-ID-Common-Types-Apple.git
    :tag: 1.2.0

CHECKOUT OPTIONS:
  VerIDCommonTypes:
    :git: https://github.com/AppliedRecognition/Ver-ID-Common-Types-Apple.git
    :tag: 1.2.0

SPEC CHECKSUMS:
  MediaPipeTasksCommon: 5c86b477b18fa034db290aead83d1009be3dbcff
  MediaPipeTasksVision: 4782191be198e124756e76e66bb3a8917850b1cb
  VerIDCommonTypes: a7f1a50af916f52d7cc9777ede0046313be55a06

PODFILE CHECKSUM: 1674dc1eda0519fa61dd2f0340f94ff787b13e70

COCOAPODS: 1.16.2
